# This file is automatically @generated by Cargo.
# It is not intended for manual editing.
version = 3

[[package]]
name = "arc-swap"
version = "1.2.0"
source = "registry+https://github.com/rust-lang/crates.io-index"
checksum = "d4d7d63395147b81a9e570bcc6243aaf71c017bd666d4909cfef0085bdda8d73"

[[package]]
name = "autocfg"
version = "1.1.0"
source = "registry+https://github.com/rust-lang/crates.io-index"
checksum = "d468802bab17cbc0cc575e9b053f41e72aa36bfa6b7f55e3529ffa43161b97fa"

[[package]]
name = "bitflags"
version = "1.2.1"
source = "registry+https://github.com/rust-lang/crates.io-index"
checksum = "cf1de2fe8c75bc145a2f577add951f8134889b4795d47466a54a5c846d691693"

[[package]]
name = "cfg-if"
version = "0.1.10"
source = "registry+https://github.com/rust-lang/crates.io-index"
checksum = "4785bdd1c96b2a846b2bd7cc02e86b6b3dbf14e7e53446c4f54c92a361040822"

[[package]]
name = "cfg-if"
version = "1.0.0"
source = "registry+https://github.com/rust-lang/crates.io-index"
checksum = "baf1de4339761588bc0619e3cbc0120ee582ebb74b53b4efbf79117bd2da40fd"

[[package]]
name = "cloudabi"
version = "0.1.0"
source = "registry+https://github.com/rust-lang/crates.io-index"
checksum = "4344512281c643ae7638bbabc3af17a11307803ec8f0fcad9fae512a8bf36467"
dependencies = [
 "bitflags",
]

[[package]]
name = "hello_world"
version = "0.1.0"
dependencies = [
 "log",
 "pyo3",
 "pyo3-log",
]

[[package]]
name = "indoc"
version = "1.0.3"
source = "registry+https://github.com/rust-lang/crates.io-index"
checksum = "e5a75aeaaef0ce18b58056d306c27b07436fbb34b8816c53094b76dd81803136"
dependencies = [
 "unindent",
]

[[package]]
name = "instant"
version = "0.1.5"
source = "registry+https://github.com/rust-lang/crates.io-index"
checksum = "69da7ce1490173c2bf4d26bc8be429aaeeaf4cce6c4b970b7949651fa17655fe"

[[package]]
name = "libc"
version = "0.2.71"
source = "registry+https://github.com/rust-lang/crates.io-index"
checksum = "9457b06509d27052635f90d6466700c65095fdf75409b3fbdd903e988b886f49"

[[package]]
name = "lock_api"
version = "0.4.7"
source = "registry+https://github.com/rust-lang/crates.io-index"
checksum = "327fa5b6a6940e4699ec49a9beae1ea4845c6bab9314e4f84ac68742139d8c53"
dependencies = [
 "autocfg",
 "scopeguard",
]

[[package]]
name = "log"
version = "0.4.8"
source = "registry+https://github.com/rust-lang/crates.io-index"
checksum = "14b6052be84e6b71ab17edffc2eeabf5c2c3ae1fdb464aae35ac50c67a44e1f7"
dependencies = [
 "cfg-if 0.1.10",
]

[[package]]
name = "once_cell"
version = "1.9.0"
source = "registry+https://github.com/rust-lang/crates.io-index"
checksum = "da32515d9f6e6e489d7bc9d84c71b060db7247dc035bbe44eac88cf87486d8d5"

[[package]]
name = "parking_lot"
version = "0.11.0"
source = "registry+https://github.com/rust-lang/crates.io-index"
checksum = "a4893845fa2ca272e647da5d0e46660a314ead9c2fdd9a883aabc32e481a8733"
dependencies = [
 "instant",
 "lock_api",
 "parking_lot_core",
]

[[package]]
name = "parking_lot_core"
version = "0.8.0"
source = "registry+https://github.com/rust-lang/crates.io-index"
checksum = "c361aa727dd08437f2f1447be8b59a33b0edd15e0fcee698f935613d9efbca9b"
dependencies = [
 "cfg-if 0.1.10",
 "cloudabi",
 "instant",
 "libc",
 "redox_syscall",
 "smallvec",
 "winapi",
]

[[package]]
name = "proc-macro2"
version = "1.0.18"
source = "registry+https://github.com/rust-lang/crates.io-index"
checksum = "beae6331a816b1f65d04c45b078fd8e6c93e8071771f41b8163255bbd8d7c8fa"
dependencies = [
 "unicode-xid",
]

[[package]]
name = "pyo3"
version = "0.16.0"
source = "registry+https://github.com/rust-lang/crates.io-index"
checksum = "9d1a3df45cb95bd954fac00bd9609062640fd7fb9e9946a660092c9e015421fb"
dependencies = [
 "cfg-if 1.0.0",
 "indoc",
 "libc",
 "parking_lot",
 "pyo3-build-config",
 "pyo3-ffi",
 "pyo3-macros",
 "unindent",
]

[[package]]
name = "pyo3-build-config"
version = "0.16.0"
source = "registry+https://github.com/rust-lang/crates.io-index"
checksum = "386a68f0f5f2f9932815068bc8049a56989f2437d96dbb31d1fb11b63ce90364"
dependencies = [
 "once_cell",
]

[[package]]
name = "pyo3-ffi"
version = "0.16.0"
source = "registry+https://github.com/rust-lang/crates.io-index"
checksum = "a9a4e2f74dc77eea5ce11d19f0afaeb632b6590f8cbb1d5ee2f1330b766803e8"
dependencies = [
 "libc",
 "pyo3-build-config",
]

[[package]]
name = "pyo3-log"
version = "0.6.0"
dependencies = [
 "arc-swap",
 "log",
 "pyo3",
]

[[package]]
name = "pyo3-macros"
version = "0.16.0"
source = "registry+https://github.com/rust-lang/crates.io-index"
checksum = "dbff3a1579934968a53bcc78ac33663ed2577accda05d484097679cc8d28e52d"
dependencies = [
 "proc-macro2",
 "pyo3-macros-backend",
 "quote",
 "syn",
]

[[package]]
name = "pyo3-macros-backend"
version = "0.16.0"
source = "registry+https://github.com/rust-lang/crates.io-index"
checksum = "90644126c8c1ac7b47f794dd20a5729f8646b91c49edb31689c90f8cb3c33ea9"
dependencies = [
 "proc-macro2",
 "pyo3-build-config",
 "quote",
 "syn",
]

[[package]]
name = "quote"
version = "1.0.7"
source = "registry+https://github.com/rust-lang/crates.io-index"
checksum = "aa563d17ecb180e500da1cfd2b028310ac758de548efdd203e18f283af693f37"
dependencies = [
 "proc-macro2",
]

[[package]]
name = "redox_syscall"
version = "0.1.56"
source = "registry+https://github.com/rust-lang/crates.io-index"
checksum = "2439c63f3f6139d1b57529d16bc3b8bb855230c8efcc5d3a896c8bea7c3b1e84"

[[package]]
name = "scopeguard"
version = "1.1.0"
source = "registry+https://github.com/rust-lang/crates.io-index"
checksum = "d29ab0c6d3fc0ee92fe66e2d99f700eab17a8d57d1c1d3b748380fb20baa78cd"

[[package]]
name = "smallvec"
version = "1.4.0"
source = "registry+https://github.com/rust-lang/crates.io-index"
checksum = "c7cb5678e1615754284ec264d9bb5b4c27d2018577fd90ac0ceb578591ed5ee4"

[[package]]
name = "syn"
version = "1.0.33"
source = "registry+https://github.com/rust-lang/crates.io-index"
checksum = "e8d5d96e8cbb005d6959f119f773bfaebb5684296108fb32600c00cde305b2cd"
dependencies = [
 "proc-macro2",
 "quote",
 "unicode-xid",
]

[[package]]
name = "unicode-xid"
version = "0.2.1"
source = "registry+https://github.com/rust-lang/crates.io-index"
checksum = "f7fe0bb3479651439c9112f72b6c505038574c9fbb575ed1bf3b797fa39dd564"

[[package]]
name = "unindent"
version = "0.1.7"
source = "registry+https://github.com/rust-lang/crates.io-index"
checksum = "f14ee04d9415b52b3aeab06258a3f07093182b88ba0f9b8d203f211a7a7d41c7"

[[package]]
name = "winapi"
version = "0.3.9"
source = "registry+https://github.com/rust-lang/crates.io-index"
checksum = "5c839a674fcd7a98952e593242ea400abe93992746761e38641405d28b00f419"
dependencies = [
 "winapi-i686-pc-windows-gnu",
 "winapi-x86_64-pc-windows-gnu",
]

[[package]]
name = "winapi-i686-pc-windows-gnu"
version = "0.4.0"
source = "registry+https://github.com/rust-lang/crates.io-index"
checksum = "ac3b87c63620426dd9b991e5ce0329eff545bccbbb34f3be09ff6fb6ab51b7b6"

[[package]]
name = "winapi-x86_64-pc-windows-gnu"
version = "0.4.0"
source = "registry+https://github.com/rust-lang/crates.io-index"
checksum = "712e227841d057c1ee1cd2fb22fa7e5a5461ae8e48fa2ca79ec42cfc1931183f"
